
Microsoft Visual Studio Solution File, Format Version 12.00
# Visual Studio Version 16
VisualStudioVersion = 16.0.30114.105
MinimumVisualStudioVersion = 10.0.40219.1
Project("{FAE04EC0-301F-11D3-BF4B-00C04F79EFBC}") = "Figure", "Figure\Figure.csproj", "{36E40C5A-738E-489C-9ECA-0F80F85BCF36}"
EndProject
Global
	GlobalSection(SolutionConfigurationPlatforms) = preSolution
		Debug|Any CPU = Debug|Any CPU
		Release|Any CPU = Release|Any CPU
	EndGlobalSection
	GlobalSection(SolutionProperties) = preSolution
		HideSolutionNode = FALSE
	EndGlobalSection
	GlobalSection(ProjectConfigurationPlatforms) = postSolution
		{36E40C5A-738E-489C-9ECA-0F80F85BCF36}.Debug|Any CPU.ActiveCfg = Debug|Any CPU
		{36E40C5A-738E-489C-9ECA-0F80F85BCF36}.Debug|Any CPU.Build.0 = Debug|Any CPU
		{36E40C5A-738E-489C-9ECA-0F80F85BCF36}.Release|Any CPU.ActiveCfg = Release|Any CPU
		{36E40C5A-738E-489C-9ECA-0F80F85BCF36}.Release|Any CPU.Build.0 = Release|Any CPU
	EndGlobalSection
EndGlobal
